
Microsoft Visual Studio Solution File, Format Version 12.00
# Visual Studio Version 17
VisualStudioVersion = 17.4.33205.214
MinimumVisualStudioVersion = 10.0.40219.1
Project("{FAE04EC0-301F-11D3-BF4B-00C04F79EFBC}") = "Calc", "Calc\Calc.csproj", "{28D4C103-7C47-4BDA-ADB9-2A916E419BCF}"
EndProject
Project("{FAE04EC0-301F-11D3-BF4B-00C04F79EFBC}") = "Calc.Test", "Calc.Test\Calc.Test.csproj", "{B978510E-0E25-4062-89E7-DF50C309D59A}"
EndProject
Global
	GlobalSection(SolutionConfigurationPlatforms) = preSolution
		Debug|Any CPU = Debug|Any CPU
		Release|Any CPU = Release|Any CPU
	EndGlobalSection
	GlobalSection(ProjectConfigurationPlatforms) = postSolution
		{28D4C103-7C47-4BDA-ADB9-2A916E419BCF}.Debug|Any CPU.ActiveCfg = Debug|Any CPU
		{28D4C103-7C47-4BDA-ADB9-2A916E419BCF}.Debug|Any CPU.Build.0 = Debug|Any CPU
		{28D4C103-7C47-4BDA-ADB9-2A916E419BCF}.Release|Any CPU.ActiveCfg = Release|Any CPU
		{28D4C103-7C47-4BDA-ADB9-2A916E419BCF}.Release|Any CPU.Build.0 = Release|Any CPU
		{B978510E-0E25-4062-89E7-DF50C309D59A}.Debug|Any CPU.ActiveCfg = Debug|Any CPU
		{B978510E-0E25-4062-89E7-DF50C309D59A}.Debug|Any CPU.Build.0 = Debug|Any CPU
		{B978510E-0E25-4062-89E7-DF50C309D59A}.Release|Any CPU.ActiveCfg = Release|Any CPU
		{B978510E-0E25-4062-89E7-DF50C309D59A}.Release|Any CPU.Build.0 = Release|Any CPU
	EndGlobalSection
	GlobalSection(SolutionProperties) = preSolution
		HideSolutionNode = FALSE
	EndGlobalSection
	GlobalSection(ExtensibilityGlobals) = postSolution
		SolutionGuid = {78B11E25-2D2D-4C85-BF2E-7C2D143D261E}
	EndGlobalSection
EndGlobal
